# THIS IS AN AUTOGENERATED FILE. DO NOT EDIT THIS FILE DIRECTLY.
# yarn lockfile v1


"@types/ember@^3.1.1":
  version "3.1.1"
  resolved "https://registry.yarnpkg.com/@types/ember/-/ember-3.1.1.tgz#401810fa3ba911855d609d334ea77990b9b94802"
  integrity sha512-8Yu+7qvcRA80NXuJrgii25hi4B/P3lrCug34O2ksPNHk2z1RaLnjKSj0cptQXMQAMnVtM0Vye8lAwUle47/M9w==
  dependencies:
    "@types/ember__application" "*"
    "@types/ember__array" "*"
    "@types/ember__component" "*"
    "@types/ember__controller" "*"
    "@types/ember__debug" "*"
    "@types/ember__engine" "*"
    "@types/ember__error" "*"
    "@types/ember__object" "*"
    "@types/ember__polyfills" "*"
    "@types/ember__routing" "*"
    "@types/ember__runloop" "*"
    "@types/ember__service" "*"
    "@types/ember__string" "*"
    "@types/ember__template" "*"
    "@types/ember__test" "*"
    "@types/ember__utils" "*"
    "@types/htmlbars-inline-precompile" "*"
    "@types/jquery" "*"
    "@types/rsvp" "*"

"@types/ember__application@*":
  version "3.0.7"
  resolved "https://registry.yarnpkg.com/@types/ember__application/-/ember__application-3.0.7.tgz#8a34f6d75661256d6d6859dcdde848bdd3bea47e"
  integrity sha512-7M5Oba1u9fQ1rLs/LeyHqDhnMAqJJF+K2HBBYkbPkD8hf+DR8Ae5PvWXgHwjAmiiWe559zJcapCqawPgzMw8lg==
  dependencies:
    "@types/ember__application" "*"
    "@types/ember__engine" "*"
    "@types/ember__object" "*"
    "@types/ember__routing" "*"

"@types/ember__array@*":
  version "3.0.5"
  resolved "https://registry.yarnpkg.com/@types/ember__array/-/ember__array-3.0.5.tgz#46bd3a92f8cf4e996e147601856205316f55a0f3"
  integrity sha512-NPv5tmvlSgpvAwzIqTNxpR1qqAppMbZBXpasr1Y4TGWlgmWjHRTzhU09sv828Guvd+PXsAluj0n1Jj8o1tuWDw==
  dependencies:
    "@types/ember__array" "*"
    "@types/ember__object" "*"

"@types/ember__component@*":
  version "3.0.6"
  resolved "https://registry.yarnpkg.com/@types/ember__component/-/ember__component-3.0.6.tgz#1172dd8c9de3e79df643621d77d71f9e2cfa5d8b"
  integrity sha512-RLcIiqqVrAV91gx2IIgElYmeT+uUsxjZJb06yrjCtG+uQPQtN0tcF0xX9BCT/wsBQiuk18uXbFJua1alurEZFQ==
  dependencies:
    "@types/ember__component" "*"
    "@types/ember__object" "*"
    "@types/jquery" "*"

"@types/ember__controller@*":
  version "3.0.6"
  resolved "https://registry.yarnpkg.com/@types/ember__controller/-/ember__controller-3.0.6.tgz#dbfbc1480a4584efb719746b3562636398bf6261"
  integrity sha512-flwfLteYs8/kSo759PYMEvKESbANIdUHhj05Gxv1aEvqQnpzNiGYTol32USO6XWi13Ui7MyxdFiWS06dj9NwMQ==
  dependencies:
    "@types/ember__object" "*"

"@types/ember__debug@*":
  version "3.0.6"
  resolved "https://registry.yarnpkg.com/@types/ember__debug/-/ember__debug-3.0.6.tgz#fa8bbc58249d8bdeea9be5b4ab8e974b33c39b07"
  integrity sha512-he07ArVIGzXw79NDEePawpkQSmiDc9C6Z/K6MkD2sUJdVSFaggGXBKvGh/QdenaP8hdYz36/umXGabq/Z862SA==
  dependencies:
    "@types/ember__debug" "*"
    "@types/ember__engine" "*"
    "@types/ember__object" "*"

"@types/ember__engine@*":
  version "3.0.4"
  resolved "https://registry.yarnpkg.com/@types/ember__engine/-/ember__engine-3.0.4.tgz#7e79d72653f5c7fd9f6d828d32540be372128aca"
  integrity sha512-DfbM0iKgF8mvthZwshDgYn8H1BZQJOk42X5b183K7vbkaye49seeTnPDelrVRRnlMXH6BA6OHAghY92axwVLzw==
  dependencies:
    "@types/ember__engine" "*"
    "@types/ember__object" "*"

"@types/ember__error@*":
  version "3.0.3"
  resolved "https://registry.yarnpkg.com/@types/ember__error/-/ember__error-3.0.3.tgz#73e5d9f05212d7965e7c2f4df39abdbf5ea41ab1"
  integrity sha512-P1+YLJJ9xzc8w5mKYtXsrS070MOTjsNeoGoEHnj7nO5IfeyC34yTHdceW9hoBMRLZs2tZ+cjElUNdR1kxpl+oA==

"@types/ember__object@*":
  version "3.1.1"
  resolved "https://registry.yarnpkg.com/@types/ember__object/-/ember__object-3.1.1.tgz#ea0a8313fc80ac5af4826190da3e688d72f02d58"
  integrity sha512-VQk38Dqiz0fVNt4RIrxyIanDqCFYDZB6QPHzdMjnjQSGeEHh130B+lFECtNQrO1V9czXzm588qpIBdPp9N2H9g==
  dependencies:
    "@types/ember__object" "*"
    "@types/rsvp" "*"

"@types/ember__polyfills@*":
  version "3.0.6"
  resolved "https://registry.yarnpkg.com/@types/ember__polyfills/-/ember__polyfills-3.0.6.tgz#18908e2583c1175df1e10a22c6656bab8a4cd0de"
  integrity sha512-jNp+88chKEeJB/QdqWKApl5bKDf8AXP38WodrhecHlLnZh7AWTHqSV9wZNXReKZAOaPeYibs6J1oEE5baQt4Tg==

"@types/ember__routing@*":
  version "3.0.10"
  resolved "https://registry.yarnpkg.com/@types/ember__routing/-/ember__routing-3.0.10.tgz#1421372cd3d4223ae6f58f05e00df041ac7039b6"
  integrity sha512-2uEVqmskaStUZIPMEk/9ZRQjrik1U3nPV6ZVKoCZDWkRO7eduB/j8X3d7Kag0LFMapz42XFIUQ0sfzCNg9nVNA==
  dependencies:
    "@types/ember__component" "*"
    "@types/ember__controller" "*"
    "@types/ember__object" "*"
    "@types/ember__routing" "*"
    "@types/ember__service" "*"

"@types/ember__runloop@*":
  version "3.0.6"
  resolved "https://registry.yarnpkg.com/@types/ember__runloop/-/ember__runloop-3.0.6.tgz#5a30b51e542c984439a01e0e441c07b817beefc3"
  integrity sha512-mD8NQf7z5UOaoqajOeRhc/CPk5JxiPQdJJWeT17zaqU1pmbwNxGQejX1UUaU5GYYSr2rXq07nySfA/lIsJjsig==
  dependencies:
    "@types/ember__runloop" "*"

"@types/ember__service@*":
  version "3.0.5"
  resolved "https://registry.yarnpkg.com/@types/ember__service/-/ember__service-3.0.5.tgz#6e566ae03eb26ec16ea6cc84e9cc190d926b791b"
  integrity sha512-mThqrHMYVGSvsLRwJRWW0HV2DJ9WwLxiC13kSffhRqAKjQfeyq6ELoGtbXXMY3ri/nnGQJ6MVYY142s7AWdT/A==
  dependencies:
    "@types/ember__object" "*"

"@types/ember__string@*":
  version "3.0.7"
  resolved "https://registry.yarnpkg.com/@types/ember__string/-/ember__string-3.0.7.tgz#0a2319e4540f5964f62ad2fab63ba472dd3f4950"
  integrity sha512-qs5tfiJtEECVDCisJq25T3Amxk/th0NcFvX8VNeigNeiTStgVXkJYrfOO3tJQRdaeE9zoskJTbgy0GoQYf3edw==
  dependencies:
    "@types/ember__template" "*"

"@types/ember__template@*":
  version "3.0.0"
  resolved "https://registry.yarnpkg.com/@types/ember__template/-/ember__template-3.0.0.tgz#d499ebf000faa371c1c98124633b9864be69b968"
  integrity sha512-aWNg/kL2QToE0fwI8MVgAr2upWyAUwqRv2sp3CpypsMTOC1lZizIehz8QI6w1m1+Eh1WYs/89gvuM3mTc4OyIw==

"@types/ember__test@*":
  version "3.0.5"
  resolved "https://registry.yarnpkg.com/@types/ember__test/-/ember__test-3.0.5.tgz#8435b9b3caa5b97a9057d8f4e922c20f2279f93f"
  integrity sha512-7F45zVSaM1hqXtv0bTMOLwgvATPfAGsnvU5CmMdUpuLBHRnOIe5HDAx0s1Yr4I318IAT5LgAX180dIJmXs1/+g==
  dependencies:
    "@types/ember__application" "*"

"@types/ember__utils@*":
  version "3.0.3"
  resolved "https://registry.yarnpkg.com/@types/ember__utils/-/ember__utils-3.0.3.tgz#c7bfe0ea89411f3376965a1214028561fdcd24eb"
  integrity sha512-GhXlUsGln/7PzLMqmtplqLSG8IWu2F9AjEKlqds/BrZlQtbMVS3MCvIkH1R8xlatYml02PqIdd9rZLi7r6QS6Q==

"@types/htmlbars-inline-precompile@*":
  version "1.0.1"
  resolved "https://registry.yarnpkg.com/@types/htmlbars-inline-precompile/-/htmlbars-inline-precompile-1.0.1.tgz#de564513fabb165746aecd76369c87bd85e5bbb4"
  integrity sha512-sVD2e6QAAHW0Y6Btse+tTA9k9g0iKm87wjxRsgZRU5EwSooz80tenbV+fA+f2BI2g0G2CqxsS1rIlwQCtPRQow==

"@types/jquery@*":
  version "3.3.31"
  resolved "https://registry.yarnpkg.com/@types/jquery/-/jquery-3.3.31.tgz#27c706e4bf488474e1cb54a71d8303f37c93451b"
  integrity sha512-Lz4BAJihoFw5nRzKvg4nawXPzutkv7wmfQ5121avptaSIXlDNJCUuxZxX/G+9EVidZGuO0UBlk+YjKbwRKJigg==
  dependencies:
    "@types/sizzle" "*"

"@types/rsvp@*":
  version "4.0.3"
  resolved "https://registry.yarnpkg.com/@types/rsvp/-/rsvp-4.0.3.tgz#4a1223158453257bce09d42b9eef7cfa6d257482"
  integrity sha512-OpRwxbgx16nL/0/7ol0WoLLyLaMXBvtPOHjqLljnzAB/E7Qk1wtjytxgBhOTBMZvuLXnJUqfnjb4W/QclNFvSA==

"@types/sizzle@*":
  version "2.3.2"
  resolved "https://registry.yarnpkg.com/@types/sizzle/-/sizzle-2.3.2.tgz#a811b8c18e2babab7d542b3365887ae2e4d9de47"
  integrity sha512-7EJYyKTL7tFR8+gDbB6Wwz/arpGa0Mywk1TJbNzKzHtzbwVmY4HR9WqS5VV7dsBUKQmPNr192jHr/VpBluj/hg==

typescript@^3.7.3:
  version "3.7.3"
  resolved "https://registry.yarnpkg.com/typescript/-/typescript-3.7.3.tgz#b36840668a16458a7025b9eabfad11b66ab85c69"
  integrity sha512-Mcr/Qk7hXqFBXMN7p7Lusj1ktCBydylfQM/FZCk5glCNQJrCUKPkMHdo9R0MTFWsC/4kPFvDS0fDPvukfCkFsw==
